// !$*UTF8*$!
{
	archiveVersion = 1;
	classes = {
	};
	objectVersion = 56;
	objects = {

/* Begin PBXBuildFile section */
		526512EB2AC70F4000493284 /* AppDelegate.swift in Sources */ = {isa = PBXBuildFile; fileRef = 526512EA2AC70F4000493284 /* AppDelegate.swift */; };
		526512ED2AC70F4000493284 /* SceneDelegate.swift in Sources */ = {isa = PBXBuildFile; fileRef = 526512EC2AC70F4000493284 /* SceneDelegate.swift */; };
		526512EF2AC70F4000493284 /* ViewController.swift in Sources */ = {isa = PBXBuildFile; fileRef = 526512EE2AC70F4000493284 /* ViewController.swift */; };
		526512F22AC70F4000493284 /* Main.storyboard in Resources */ = {isa = PBXBuildFile; fileRef = 526512F02AC70F4000493284 /* Main.storyboard */; };
		526512F42AC70F4200493284 /* Assets.xcassets in Resources */ = {isa = PBXBuildFile; fileRef = 526512F32AC70F4200493284 /* Assets.xcassets */; };
		526512F72AC70F4200493284 /* LaunchScreen.storyboard in Resources */ = {isa = PBXBuildFile; fileRef = 526512F52AC70F4200493284 /* LaunchScreen.storyboard */; };
		526513022AC70F4200493284 /* space_strTests.swift in Sources */ = {isa = PBXBuildFile; fileRef = 526513012AC70F4200493284 /* space_strTests.swift */; };
		5265130C2AC70F4200493284 /* space_strUITests.swift in Sources */ = {isa = PBXBuildFile; fileRef = 5265130B2AC70F4200493284 /* space_strUITests.swift */; };
		5265130E2AC70F4200493284 /* space_strUITestsLaunchTests.swift in Sources */ = {isa = PBXBuildFile; fileRef = 5265130D2AC70F4200493284 /* space_strUITestsLaunchTests.swift */; };
/* End PBXBuildFile section */

/* Begin PBXContainerItemProxy section */
		526512FE2AC70F4200493284 /* PBXContainerItemProxy */ = {
			isa = PBXContainerItemProxy;
			containerPortal = 526512DF2AC70F4000493284 /* Project object */;
			proxyType = 1;
			remoteGlobalIDString = 526512E62AC70F4000493284;
			remoteInfo = space_str;
		};
		526513082AC70F4200493284 /* PBXContainerItemProxy */ = {
			isa = PBXContainerItemProxy;
			containerPortal = 526512DF2AC70F4000493284 /* Project object */;
			proxyType = 1;
			remoteGlobalIDString = 526512E62AC70F4000493284;
			remoteInfo = space_str;
		};
/* End PBXContainerItemProxy section */

/* Begin PBXFileReference section */
		526512E72AC70F4000493284 /* space_str.app */ = {isa = PBXFileReference; explicitFileType = wrapper.application; includeInIndex = 0; path = space_str.app; sourceTree = BUILT_PRODUCTS_DIR; };
		526512EA2AC70F4000493284 /* AppDelegate.swift */ = {isa = PBXFileReference; lastKnownFileType = sourcecode.swift; path = AppDelegate.swift; sourceTree = "<group>"; };
		526512EC2AC70F4000493284 /* SceneDelegate.swift */ = {isa = PBXFileReference; lastKnownFileType = sourcecode.swift; path = SceneDelegate.swift; sourceTree = "<group>"; };
		526512EE2AC70F4000493284 /* ViewController.swift */ = {isa = PBXFileReference; lastKnownFileType = sourcecode.swift; path = ViewController.swift; sourceTree = "<group>"; };
		526512F12AC70F4000493284 /* Base */ = {isa = PBXFileReference; lastKnownFileType = file.storyboard; name = Base; path = Base.lproj/Main.storyboard; sourceTree = "<group>"; };
		526512F32AC70F4200493284 /* Assets.xcassets */ = {isa = PBXFileReference; lastKnownFileType = folder.assetcatalog; path = Assets.xcassets; sourceTree = "<group>"; };
		526512F62AC70F4200493284 /* Base */ = {isa = PBXFileReference; lastKnownFileType = file.storyboard; name = Base; path = Base.lproj/LaunchScreen.storyboard; sourceTree = "<group>"; };
		526512F82AC70F4200493284 /* Info.plist */ = {isa = PBXFileReference; lastKnownFileType = text.plist.xml; path = Info.plist; sourceTree = "<group>"; };
		526512FD2AC70F4200493284 /* space_strTests.xctest */ = {isa = PBXFileReference; explicitFileType = wrapper.cfbundle; includeInIndex = 0; path = space_strTests.xctest; sourceTree = BUILT_PRODUCTS_DIR; };
		526513012AC70F4200493284 /* space_strTests.swift */ = {isa = PBXFileReference; lastKnownFileType = sourcecode.swift; path = space_strTests.swift; sourceTree = "<group>"; };
		526513072AC70F4200493284 /* space_strUITests.xctest */ = {isa = PBXFileReference; explicitFileType = wrapper.cfbundle; includeInIndex = 0; path = space_strUITests.xctest; sourceTree = BUILT_PRODUCTS_DIR; };
		5265130B2AC70F4200493284 /* space_strUITests.swift */ = {isa = PBXFileReference; lastKnownFileType = sourcecode.swift; path = space_strUITests.swift; sourceTree = "<group>"; };
		5265130D2AC70F4200493284 /* space_strUITestsLaunchTests.swift */ = {isa = PBXFileReference; lastKnownFileType = sourcecode.swift; path = space_strUITestsLaunchTests.swift; sourceTree = "<group>"; };
/* End PBXFileReference section */

/* Begin PBXFrameworksBuildPhase section */
		526512E42AC70F4000493284 /* Frameworks */ = {
			isa = PBXFrameworksBuildPhase;
			buildActionMask = 2147483647;
			files = (
			);
			runOnlyForDeploymentPostprocessing = 0;
		};
		526512FA2AC70F4200493284 /* Frameworks */ = {
			isa = PBXFrameworksBuildPhase;
			buildActionMask = 2147483647;
			files = (
			);
			runOnlyForDeploymentPostprocessing = 0;
		};
		526513042AC70F4200493284 /* Frameworks */ = {
			isa = PBXFrameworksBuildPhase;
			buildActionMask = 2147483647;
			files = (
			);
			runOnlyForDeploymentPostprocessing = 0;
		};
/* End PBXFrameworksBuildPhase section */

/* Begin PBXGroup section */
		526512DE2AC70F4000493284 = {
			isa = PBXGroup;
			children = (
				526512E92AC70F4000493284 /* space_str */,
				526513002AC70F4200493284 /* space_strTests */,
				5265130A2AC70F4200493284 /* space_strUITests */,
				526512E82AC70F4000493284 /* Products */,
			);
			sourceTree = "<group>";
		};
		526512E82AC70F4000493284 /* Products */ = {
			isa = PBXGroup;
			children = (
				526512E72AC70F4000493284 /* space_str.app */,
				526512FD2AC70F4200493284 /* space_strTests.xctest */,
				526513072AC70F4200493284 /* space_strUITests.xctest */,
			);
			name = Products;
			sourceTree = "<group>";
		};
		526512E92AC70F4000493284 /* space_str */ = {
			isa = PBXGroup;
			children = (
				526512EA2AC70F4000493284 /* AppDelegate.swift */,
				526512EC2AC70F4000493284 /* SceneDelegate.swift */,
				526512EE2AC70F4000493284 /* ViewController.swift */,
				526512F02AC70F4000493284 /* Main.storyboard */,
				526512F32AC70F4200493284 /* Assets.xcassets */,
				526512F52AC70F4200493284 /* LaunchScreen.storyboard */,
				526512F82AC70F4200493284 /* Info.plist */,
			);
			path = space_str;
			sourceTree = "<group>";
		};
		526513002AC70F4200493284 /* space_strTests */ = {
			isa = PBXGroup;
			children = (
				526513012AC70F4200493284 /* space_strTests.swift */,
			);
			path = space_strTests;
			sourceTree = "<group>";
		};
		5265130A2AC70F4200493284 /* space_strUITests */ = {
			isa = PBXGroup;
			children = (
				5265130B2AC70F4200493284 /* space_strUITests.swift */,
				5265130D2AC70F4200493284 /* space_strUITestsLaunchTests.swift */,
			);
			path = space_strUITests;
			sourceTree = "<group>";
		};
/* End PBXGroup section */

/* Begin PBXNativeTarget section */
		526512E62AC70F4000493284 /* space_str */ = {
			isa = PBXNativeTarget;
			buildConfigurationList = 526513112AC70F4200493284 /* Build configuration list for PBXNativeTarget "space_str" */;
			buildPhases = (
				526512E32AC70F4000493284 /* Sources */,
				526512E42AC70F4000493284 /* Frameworks */,
				526512E52AC70F4000493284 /* Resources */,
			);
			buildRules = (
			);
			dependencies = (
			);
			name = space_str;
			productName = space_str;
			productReference = 526512E72AC70F4000493284 /* space_str.app */;
			productType = "com.apple.product-type.application";
		};
		526512FC2AC70F4200493284 /* space_strTests */ = {
			isa = PBXNativeTarget;
			buildConfigurationList = 526513142AC70F4200493284 /* Build configuration list for PBXNativeTarget "space_strTests" */;
			buildPhases = (
				526512F92AC70F4200493284 /* Sources */,
				526512FA2AC70F4200493284 /* Frameworks */,
				526512FB2AC70F4200493284 /* Resources */,
			);
			buildRules = (
			);
			dependencies = (
				526512FF2AC70F4200493284 /* PBXTargetDependency */,
			);
			name = space_strTests;
			productName = space_strTests;
			productReference = 526512FD2AC70F4200493284 /* space_strTests.xctest */;
			productType = "com.apple.product-type.bundle.unit-test";
		};
		526513062AC70F4200493284 /* space_strUITests */ = {
			isa = PBXNativeTarget;
			buildConfigurationList = 526513172AC70F4200493284 /* Build configuration list for PBXNativeTarget "space_strUITests" */;
			buildPhases = (
				526513032AC70F4200493284 /* Sources */,
				526513042AC70F4200493284 /* Frameworks */,
				526513052AC70F4200493284 /* Resources */,
			);
			buildRules = (
			);
			dependencies = (
				526513092AC70F4200493284 /* PBXTargetDependency */,
			);
			name = space_strUITests;
			productName = space_strUITests;
			productReference = 526513072AC70F4200493284 /* space_strUITests.xctest */;
			productType = "com.apple.product-type.bundle.ui-testing";
		};
/* End PBXNativeTarget section */

/* Begin PBXProject section */
		526512DF2AC70F4000493284 /* Project object */ = {
			isa = PBXProject;
			attributes = {
				BuildIndependentTargetsInParallel = 1;
				LastSwiftUpdateCheck = 1420;
				LastUpgradeCheck = 1420;
				TargetAttributes = {
					526512E62AC70F4000493284 = {
						CreatedOnToolsVersion = 14.2;
					};
					526512FC2AC70F4200493284 = {
						CreatedOnToolsVersion = 14.2;
						TestTargetID = 526512E62AC70F4000493284;
					};
					526513062AC70F4200493284 = {
						CreatedOnToolsVersion = 14.2;
						TestTargetID = 526512E62AC70F4000493284;
					};
				};
			};
			buildConfigurationList = 526512E22AC70F4000493284 /* Build configuration list for PBXProject "space_str" */;
			compatibilityVersion = "Xcode 14.0";
			developmentRegion = en;
			hasScannedForEncodings = 0;
			knownRegions = (
				en,
				Base,
			);
			mainGroup = 526512DE2AC70F4000493284;
			productRefGroup = 526512E82AC70F4000493284 /* Products */;
			projectDirPath = "";
			projectRoot = "";
			targets = (
				526512E62AC70F4000493284 /* space_str */,
				526512FC2AC70F4200493284 /* space_strTests */,
				526513062AC70F4200493284 /* space_strUITests */,
			);
		};
/* End PBXProject section */

/* Begin PBXResourcesBuildPhase section */
		526512E52AC70F4000493284 /* Resources */ = {
			isa = PBXResourcesBuildPhase;
			buildActionMask = 2147483647;
			files = (
				526512F72AC70F4200493284 /* LaunchScreen.storyboard in Resources */,
				526512F42AC70F4200493284 /* Assets.xcassets in Resources */,
				526512F22AC70F4000493284 /* Main.storyboard in Resources */,
			);
			runOnlyForDeploymentPostprocessing = 0;
		};
		526512FB2AC70F4200493284 /* Resources */ = {
			isa = PBXResourcesBuildPhase;
			buildActionMask = 2147483647;
			files = (
			);
			runOnlyForDeploymentPostprocessing = 0;
		};
		526513052AC70F4200493284 /* Resources */ = {
			isa = PBXResourcesBuildPhase;
			buildActionMask = 2147483647;
			files = (
			);
			runOnlyForDeploymentPostprocessing = 0;
		};
/* End PBXResourcesBuildPhase section */

/* Begin PBXSourcesBuildPhase section */
		526512E32AC70F4000493284 /* Sources */ = {
			isa = PBXSourcesBuildPhase;
			buildActionMask = 2147483647;
			files = (
				526512EF2AC70F4000493284 /* ViewController.swift in Sources */,
				526512EB2AC70F4000493284 /* AppDelegate.swift in Sources */,
				526512ED2AC70F4000493284 /* SceneDelegate.swift in Sources */,
			);
			runOnlyForDeploymentPostprocessing = 0;
		};
		526512F92AC70F4200493284 /* Sources */ = {
			isa = PBXSourcesBuildPhase;
			buildActionMask = 2147483647;
			files = (
				526513022AC70F4200493284 /* space_strTests.swift in Sources */,
			);
			runOnlyForDeploymentPostprocessing = 0;
		};
		526513032AC70F4200493284 /* Sources */ = {
			isa = PBXSourcesBuildPhase;
			buildActionMask = 2147483647;
			files = (
				5265130C2AC70F4200493284 /* space_strUITests.swift in Sources */,
				5265130E2AC70F4200493284 /* space_strUITestsLaunchTests.swift in Sources */,
			);
			runOnlyForDeploymentPostprocessing = 0;
		};
/* End PBXSourcesBuildPhase section */

/* Begin PBXTargetDependency section */
		526512FF2AC70F4200493284 /* PBXTargetDependency */ = {
			isa = PBXTargetDependency;
			target = 526512E62AC70F4000493284 /* space_str */;
			targetProxy = 526512FE2AC70F4200493284 /* PBXContainerItemProxy */;
		};
		526513092AC70F4200493284 /* PBXTargetDependency */ = {
			isa = PBXTargetDependency;
			target = 526512E62AC70F4000493284 /* space_str */;
			targetProxy = 526513082AC70F4200493284 /* PBXContainerItemProxy */;
		};
/* End PBXTargetDependency section */

/* Begin PBXVariantGroup section */
		526512F02AC70F4000493284 /* Main.storyboard */ = {
			isa = PBXVariantGroup;
			children = (
				526512F12AC70F4000493284 /* Base */,
			);
			name = Main.storyboard;
			sourceTree = "<group>";
		};
		526512F52AC70F4200493284 /* LaunchScreen.storyboard */ = {
			isa = PBXVariantGroup;
			children = (
				526512F62AC70F4200493284 /* Base */,
			);
			name = LaunchScreen.storyboard;
			sourceTree = "<group>";
		};
/* End PBXVariantGroup section */

/* Begin XCBuildConfiguration section */
		5265130F2AC70F4200493284 /* Debug */ = {
			isa = XCBuildConfiguration;
			buildSettings = {
				ALWAYS_SEARCH_USER_PATHS = NO;
				CLANG_ANALYZER_NONNULL = YES;
				CLANG_ANALYZER_NUMBER_OBJECT_CONVERSION = YES_AGGRESSIVE;
				CLANG_CXX_LANGUAGE_STANDARD = "gnu++20";
				CLANG_ENABLE_MODULES = YES;
				CLANG_ENABLE_OBJC_ARC = YES;
				CLANG_ENABLE_OBJC_WEAK = YES;
				CLANG_WARN_BLOCK_CAPTURE_AUTORELEASING = YES;
				CLANG_WARN_BOOL_CONVERSION = YES;
				CLANG_WARN_COMMA = YES;
				CLANG_WARN_CONSTANT_CONVERSION = YES;
				CLANG_WARN_DEPRECATED_OBJC_IMPLEMENTATIONS = YES;
				CLANG_WARN_DIRECT_OBJC_ISA_USAGE = YES_ERROR;
				CLANG_WARN_DOCUMENTATION_COMMENTS = YES;
				CLANG_WARN_EMPTY_BODY = YES;
				CLANG_WARN_ENUM_CONVERSION = YES;
				CLANG_WARN_INFINITE_RECURSION = YES;
				CLANG_WARN_INT_CONVERSION = YES;
				CLANG_WARN_NON_LITERAL_NULL_CONVERSION = YES;
				CLANG_WARN_OBJC_IMPLICIT_RETAIN_SELF = YES;
				CLANG_WARN_OBJC_LITERAL_CONVERSION = YES;
				CLANG_WARN_OBJC_ROOT_CLASS = YES_ERROR;
				CLANG_WARN_QUOTED_INCLUDE_IN_FRAMEWORK_HEADER = YES;
				CLANG_WARN_RANGE_LOOP_ANALYSIS = YES;
				CLANG_WARN_STRICT_PROTOTYPES = YES;
				CLANG_WARN_SUSPICIOUS_MOVE = YES;
				CLANG_WARN_UNGUARDED_AVAILABILITY = YES_AGGRESSIVE;
				CLANG_WARN_UNREACHABLE_CODE = YES;
				CLANG_WARN__DUPLICATE_METHOD_MATCH = YES;
				COPY_PHASE_STRIP = NO;
				DEBUG_INFORMATION_FORMAT = dwarf;
				ENABLE_STRICT_OBJC_MSGSEND = YES;
				ENABLE_TESTABILITY = YES;
				GCC_C_LANGUAGE_STANDARD = gnu11;
				GCC_DYNAMIC_NO_PIC = NO;
				GCC_NO_COMMON_BLOCKS = YES;
				GCC_OPTIMIZATION_LEVEL = 0;
				GCC_PREPROCESSOR_DEFINITIONS = (
					"DEBUG=1",
					"$(inherited)",
				);
				GCC_WARN_64_TO_32_BIT_CONVERSION = YES;
				GCC_WARN_ABOUT_RETURN_TYPE = YES_ERROR;
				GCC_WARN_UNDECLARED_SELECTOR = YES;
				GCC_WARN_UNINITIALIZED_AUTOS = YES_AGGRESSIVE;
				GCC_WARN_UNUSED_FUNCTION = YES;
				GCC_WARN_UNUSED_VARIABLE = YES;
				IPHONEOS_DEPLOYMENT_TARGET = 16.2;
				MTL_ENABLE_DEBUG_INFO = INCLUDE_SOURCE;
				MTL_FAST_MATH = YES;
				ONLY_ACTIVE_ARCH = YES;
				SDKROOT = iphoneos;
				SWIFT_ACTIVE_COMPILATION_CONDITIONS = DEBUG;
				SWIFT_OPTIMIZATION_LEVEL = "-Onone";
			};
			name = Debug;
		};
		526513102AC70F4200493284 /* Release */ = {
			isa = XCBuildConfiguration;
			buildSettings = {
				ALWAYS_SEARCH_USER_PATHS = NO;
				CLANG_ANALYZER_NONNULL = YES;
				CLANG_ANALYZER_NUMBER_OBJECT_CONVERSION = YES_AGGRESSIVE;
				CLANG_CXX_LANGUAGE_STANDARD = "gnu++20";
				CLANG_ENABLE_MODULES = YES;
				CLANG_ENABLE_OBJC_ARC = YES;
				CLANG_ENABLE_OBJC_WEAK = YES;
				CLANG_WARN_BLOCK_CAPTURE_AUTORELEASING = YES;
				CLANG_WARN_BOOL_CONVERSION = YES;
				CLANG_WARN_COMMA = YES;
				CLANG_WARN_CONSTANT_CONVERSION = YES;
				CLANG_WARN_DEPRECATED_OBJC_IMPLEMENTATIONS = YES;
				CLANG_WARN_DIRECT_OBJC_ISA_USAGE = YES_ERROR;
				CLANG_WARN_DOCUMENTATION_COMMENTS = YES;
				CLANG_WARN_EMPTY_BODY = YES;
				CLANG_WARN_ENUM_CONVERSION = YES;
				CLANG_WARN_INFINITE_RECURSION = YES;
				CLANG_WARN_INT_CONVERSION = YES;
				CLANG_WARN_NON_LITERAL_NULL_CONVERSION = YES;
				CLANG_WARN_OBJC_IMPLICIT_RETAIN_SELF = YES;
				CLANG_WARN_OBJC_LITERAL_CONVERSION = YES;
				CLANG_WARN_OBJC_ROOT_CLASS = YES_ERROR;
				CLANG_WARN_QUOTED_INCLUDE_IN_FRAMEWORK_HEADER = YES;
				CLANG_WARN_RANGE_LOOP_ANALYSIS = YES;
				CLANG_WARN_STRICT_PROTOTYPES = YES;
				CLANG_WARN_SUSPICIOUS_MOVE = YES;
				CLANG_WARN_UNGUARDED_AVAILABILITY = YES_AGGRESSIVE;
				CLANG_WARN_UNREACHABLE_CODE = YES;
				CLANG_WARN__DUPLICATE_METHOD_MATCH = YES;
				COPY_PHASE_STRIP = NO;
				DEBUG_INFORMATION_FORMAT = "dwarf-with-dsym";
				ENABLE_NS_ASSERTIONS = NO;
				ENABLE_STRICT_OBJC_MSGSEND = YES;
				GCC_C_LANGUAGE_STANDARD = gnu11;
				GCC_NO_COMMON_BLOCKS = YES;
				GCC_WARN_64_TO_32_BIT_CONVERSION = YES;
				GCC_WARN_ABOUT_RETURN_TYPE = YES_ERROR;
				GCC_WARN_UNDECLARED_SELECTOR = YES;
				GCC_WARN_UNINITIALIZED_AUTOS = YES_AGGRESSIVE;
				GCC_WARN_UNUSED_FUNCTION = YES;
				GCC_WARN_UNUSED_VARIABLE = YES;
				IPHONEOS_DEPLOYMENT_TARGET = 16.2;
				MTL_ENABLE_DEBUG_INFO = NO;
				MTL_FAST_MATH = YES;
				SDKROOT = iphoneos;
				SWIFT_COMPILATION_MODE = wholemodule;
				SWIFT_OPTIMIZATION_LEVEL = "-O";
				VALIDATE_PRODUCT = YES;
			};
			name = Release;
		};
		526513122AC70F4200493284 /* Debug */ = {
			isa = XCBuildConfiguration;
			buildSettings = {
				ASSETCATALOG_COMPILER_APPICON_NAME = AppIcon;
				ASSETCATALOG_COMPILER_GLOBAL_ACCENT_COLOR_NAME = AccentColor;
				CODE_SIGN_STYLE = Automatic;
				CURRENT_PROJECT_VERSION = 1;
				DEVELOPMENT_TEAM = LGJY6WHU2U;
				GENERATE_INFOPLIST_FILE = YES;
				INFOPLIST_FILE = space_str/Info.plist;
				INFOPLIST_KEY_UIApplicationSupportsIndirectInputEvents = YES;
				INFOPLIST_KEY_UILaunchStoryboardName = LaunchScreen;
				INFOPLIST_KEY_UIMainStoryboardFile = Main;
				INFOPLIST_KEY_UISupportedInterfaceOrientations_iPad = "UIInterfaceOrientationPortrait UIInterfaceOrientationPortraitUpsideDown UIInterfaceOrientationLandscapeLeft UIInterfaceOrientationLandscapeRight";
				INFOPLIST_KEY_UISupportedInterfaceOrientations_iPhone = "UIInterfaceOrientationPortrait UIInterfaceOrientationLandscapeLeft UIInterfaceOrientationLandscapeRight";
				LD_RUNPATH_SEARCH_PATHS = (
					"$(inherited)",
					"@executable_path/Frameworks",
				);
				MARKETING_VERSION = 1.0;
				PRODUCT_BUNDLE_IDENTIFIER = "com.yandex.MyTestProject.space-str";
				PRODUCT_NAME = "$(TARGET_NAME)";
				SWIFT_EMIT_LOC_STRINGS = YES;
				SWIFT_VERSION = 5.0;
				TARGETED_DEVICE_FAMILY = "1,2";
			};
			name = Debug;
		};
		526513132AC70F4200493284 /* Release */ = {
			isa = XCBuildConfiguration;
			buildSettings = {
				ASSETCATALOG_COMPILER_APPICON_NAME = AppIcon;
				ASSETCATALOG_COMPILER_GLOBAL_ACCENT_COLOR_NAME = AccentColor;
				CODE_SIGN_STYLE = Automatic;
				CURRENT_PROJECT_VERSION = 1;
				DEVELOPMENT_TEAM = LGJY6WHU2U;
				GENERATE_INFOPLIST_FILE = YES;
				INFOPLIST_FILE = space_str/Info.plist;
				INFOPLIST_KEY_UIApplicationSupportsIndirectInputEvents = YES;
				INFOPLIST_KEY_UILaunchStoryboardName = LaunchScreen;
				INFOPLIST_KEY_UIMainStoryboardFile = Main;
				INFOPLIST_KEY_UISupportedInterfaceOrientations_iPad = "UIInterfaceOrientationPortrait UIInterfaceOrientationPortraitUpsideDown UIInterfaceOrientationLandscapeLeft UIInterfaceOrientationLandscapeRight";
				INFOPLIST_KEY_UISupportedInterfaceOrientations_iPhone = "UIInterfaceOrientationPortrait UIInterfaceOrientationLandscapeLeft UIInterfaceOrientationLandscapeRight";
				LD_RUNPATH_SEARCH_PATHS = (
					"$(inherited)",
					"@executable_path/Frameworks",
				);
				MARKETING_VERSION = 1.0;
				PRODUCT_BUNDLE_IDENTIFIER = "com.yandex.MyTestProject.space-str";
				PRODUCT_NAME = "$(TARGET_NAME)";
				SWIFT_EMIT_LOC_STRINGS = YES;
				SWIFT_VERSION = 5.0;
				TARGETED_DEVICE_FAMILY = "1,2";
			};
			name = Release;
		};
		526513152AC70F4200493284 /* Debug */ = {
			isa = XCBuildConfiguration;
			buildSettings = {
				ALWAYS_EMBED_SWIFT_STANDARD_LIBRARIES = YES;
				BUNDLE_LOADER = "$(TEST_HOST)";
				CODE_SIGN_STYLE = Automatic;
				CURRENT_PROJECT_VERSION = 1;
				DEVELOPMENT_TEAM = LGJY6WHU2U;
				GENERATE_INFOPLIST_FILE = YES;
				IPHONEOS_DEPLOYMENT_TARGET = 16.2;
				MARKETING_VERSION = 1.0;
				PRODUCT_BUNDLE_IDENTIFIER = "com.yandex.MyTestProject.space-strTests";
				PRODUCT_NAME = "$(TARGET_NAME)";
				SWIFT_EMIT_LOC_STRINGS = NO;
				SWIFT_VERSION = 5.0;
				TARGETED_DEVICE_FAMILY = "1,2";
				TEST_HOST = "$(BUILT_PRODUCTS_DIR)/space_str.app/$(BUNDLE_EXECUTABLE_FOLDER_PATH)/space_str";
			};
			name = Debug;
		};
		526513162AC70F4200493284 /* Release */ = {
			isa = XCBuildConfiguration;
			buildSettings = {
				ALWAYS_EMBED_SWIFT_STANDARD_LIBRARIES = YES;
				BUNDLE_LOADER = "$(TEST_HOST)";
				CODE_SIGN_STYLE = Automatic;
				CURRENT_PROJECT_VERSION = 1;
				DEVELOPMENT_TEAM = LGJY6WHU2U;
				GENERATE_INFOPLIST_FILE = YES;
				IPHONEOS_DEPLOYMENT_TARGET = 16.2;
				MARKETING_VERSION = 1.0;
				PRODUCT_BUNDLE_IDENTIFIER = "com.yandex.MyTestProject.space-strTests";
				PRODUCT_NAME = "$(TARGET_NAME)";
				SWIFT_EMIT_LOC_STRINGS = NO;
				SWIFT_VERSION = 5.0;
				TARGETED_DEVICE_FAMILY = "1,2";
				TEST_HOST = "$(BUILT_PRODUCTS_DIR)/space_str.app/$(BUNDLE_EXECUTABLE_FOLDER_PATH)/space_str";
			};
			name = Release;
		};
		526513182AC70F4200493284 /* Debug */ = {
			isa = XCBuildConfiguration;
			buildSettings = {
				ALWAYS_EMBED_SWIFT_STANDARD_LIBRARIES = YES;
				CODE_SIGN_STYLE = Automatic;
				CURRENT_PROJECT_VERSION = 1;
				DEVELOPMENT_TEAM = LGJY6WHU2U;
				GENERATE_INFOPLIST_FILE = YES;
				MARKETING_VERSION = 1.0;
				PRODUCT_BUNDLE_IDENTIFIER = "com.yandex.MyTestProject.space-strUITests";
				PRODUCT_NAME = "$(TARGET_NAME)";
				SWIFT_EMIT_LOC_STRINGS = NO;
				SWIFT_VERSION = 5.0;
				TARGETED_DEVICE_FAMILY = "1,2";
				TEST_TARGET_NAME = space_str;
			};
			name = Debug;
		};
		526513192AC70F4200493284 /* Release */ = {
			isa = XCBuildConfiguration;
			buildSettings = {
				ALWAYS_EMBED_SWIFT_STANDARD_LIBRARIES = YES;
				CODE_SIGN_STYLE = Automatic;
				CURRENT_PROJECT_VERSION = 1;
				DEVELOPMENT_TEAM = LGJY6WHU2U;
				GENERATE_INFOPLIST_FILE = YES;
				MARKETING_VERSION = 1.0;
				PRODUCT_BUNDLE_IDENTIFIER = "com.yandex.MyTestProject.space-strUITests";
				PRODUCT_NAME = "$(TARGET_NAME)";
				SWIFT_EMIT_LOC_STRINGS = NO;
				SWIFT_VERSION = 5.0;
				TARGETED_DEVICE_FAMILY = "1,2";
				TEST_TARGET_NAME = space_str;
			};
			name = Release;
		};
/* End XCBuildConfiguration section */

/* Begin XCConfigurationList section */
		526512E22AC70F4000493284 /* Build configuration list for PBXProject "space_str" */ = {
			isa = XCConfigurationList;
			buildConfigurations = (
				5265130F2AC70F4200493284 /* Debug */,
				526513102AC70F4200493284 /* Release */,
			);
			defaultConfigurationIsVisible = 0;
			defaultConfigurationName = Release;
		};
		526513112AC70F4200493284 /* Build configuration list for PBXNativeTarget "space_str" */ = {
			isa = XCConfigurationList;
			buildConfigurations = (
				526513122AC70F4200493284 /* Debug */,
				526513132AC70F4200493284 /* Release */,
			);
			defaultConfigurationIsVisible = 0;
			defaultConfigurationName = Release;
		};
		526513142AC70F4200493284 /* Build configuration list for PBXNativeTarget "space_strTests" */ = {
			isa = XCConfigurationList;
			buildConfigurations = (
				526513152AC70F4200493284 /* Debug */,
				526513162AC70F4200493284 /* Release */,
			);
			defaultConfigurationIsVisible = 0;
			defaultConfigurationName = Release;
		};
		526513172AC70F4200493284 /* Build configuration list for PBXNativeTarget "space_strUITests" */ = {
			isa = XCConfigurationList;
			buildConfigurations = (
				526513182AC70F4200493284 /* Debug */,
				526513192AC70F4200493284 /* Release */,
			);
			defaultConfigurationIsVisible = 0;
			defaultConfigurationName = Release;
		};
/* End XCConfigurationList section */
	};
	rootObject = 526512DF2AC70F4000493284 /* Project object */;
}
